
Microsoft Visual Studio Solution File, Format Version 12.00
# Visual Studio Version 17
VisualStudioVersion = 17.4.33213.308
MinimumVisualStudioVersion = 10.0.40219.1
Project("{FAE04EC0-301F-11D3-BF4B-00C04F79EFBC}") = "ElectronicEquipamentStore_API", "ElectronicEquipamentStore_API\ElectronicEquipamentStore_API.csproj", "{58DAE18A-0C3C-4DF5-85A4-AFCA0B7C13AB}"
EndProject
Global
	GlobalSection(SolutionConfigurationPlatforms) = preSolution
		Debug|Any CPU = Debug|Any CPU
		Release|Any CPU = Release|Any CPU
	EndGlobalSection
	GlobalSection(ProjectConfigurationPlatforms) = postSolution
		{58DAE18A-0C3C-4DF5-85A4-AFCA0B7C13AB}.Debug|Any CPU.ActiveCfg = Debug|Any CPU
		{58DAE18A-0C3C-4DF5-85A4-AFCA0B7C13AB}.Debug|Any CPU.Build.0 = Debug|Any CPU
		{58DAE18A-0C3C-4DF5-85A4-AFCA0B7C13AB}.Release|Any CPU.ActiveCfg = Release|Any CPU
		{58DAE18A-0C3C-4DF5-85A4-AFCA0B7C13AB}.Release|Any CPU.Build.0 = Release|Any CPU
	EndGlobalSection
	GlobalSection(SolutionProperties) = preSolution
		HideSolutionNode = FALSE
	EndGlobalSection
	GlobalSection(ExtensibilityGlobals) = postSolution
		SolutionGuid = {C5383B3D-E8C5-4997-B736-8408B2F3A8C7}
	EndGlobalSection
EndGlobal
